// !$*UTF8*$!
{
	archiveVersion = 1;
	classes = {
	};
	objectVersion = 50;
	objects = {

/* Begin PBXBuildFile section */
		741EC1BD2572CE41008398DC /* SpoonacularClient.swift in Sources */ = {isa = PBXBuildFile; fileRef = 741EC1BC2572CE41008398DC /* SpoonacularClient.swift */; };
		741EC1C02572D02B008398DC /* Recipe.swift in Sources */ = {isa = PBXBuildFile; fileRef = 741EC1BF2572D02B008398DC /* Recipe.swift */; };
		741EC1C32572D0D2008398DC /* RecipeResults.swift in Sources */ = {isa = PBXBuildFile; fileRef = 741EC1C22572D0D2008398DC /* RecipeResults.swift */; };
		743B8A7B2572EE8C00882AE4 /* RecipeCell.swift in Sources */ = {isa = PBXBuildFile; fileRef = 743B8A7A2572EE8C00882AE4 /* RecipeCell.swift */; };
		74CE105D257408C100A97889 /* RecipeBook.xcdatamodeld in Sources */ = {isa = PBXBuildFile; fileRef = 74CE105B257408C100A97889 /* RecipeBook.xcdatamodeld */; };
		74CE106225741E2C00A97889 /* DataController.swift in Sources */ = {isa = PBXBuildFile; fileRef = 74CE106125741E2C00A97889 /* DataController.swift */; };
		74D3F9772570253A00542435 /* AppDelegate.swift in Sources */ = {isa = PBXBuildFile; fileRef = 74D3F9762570253A00542435 /* AppDelegate.swift */; };
		74D3F9792570253A00542435 /* SceneDelegate.swift in Sources */ = {isa = PBXBuildFile; fileRef = 74D3F9782570253A00542435 /* SceneDelegate.swift */; };
		74D3F97B2570253A00542435 /* SearchViewController.swift in Sources */ = {isa = PBXBuildFile; fileRef = 74D3F97A2570253A00542435 /* SearchViewController.swift */; };
		74D3F97E2570253A00542435 /* Main.storyboard in Resources */ = {isa = PBXBuildFile; fileRef = 74D3F97C2570253A00542435 /* Main.storyboard */; };
		74D3F9802570253F00542435 /* Assets.xcassets in Resources */ = {isa = PBXBuildFile; fileRef = 74D3F97F2570253F00542435 /* Assets.xcassets */; };
		74D3F9832570253F00542435 /* LaunchScreen.storyboard in Resources */ = {isa = PBXBuildFile; fileRef = 74D3F9812570253F00542435 /* LaunchScreen.storyboard */; };
		74E7D5D72573906100D53928 /* RecipeViewController.swift in Sources */ = {isa = PBXBuildFile; fileRef = 74E7D5D62573906100D53928 /* RecipeViewController.swift */; };
		74E7D5DA257395A500D53928 /* StepCell.swift in Sources */ = {isa = PBXBuildFile; fileRef = 74E7D5D9257395A500D53928 /* StepCell.swift */; };
		74E7D5E125739C1C00D53928 /* Step.swift in Sources */ = {isa = PBXBuildFile; fileRef = 74E7D5E025739C1C00D53928 /* Step.swift */; };
/* End PBXBuildFile section */

/* Begin PBXFileReference section */
		741EC1BC2572CE41008398DC /* SpoonacularClient.swift */ = {isa = PBXFileReference; lastKnownFileType = sourcecode.swift; path = SpoonacularClient.swift; sourceTree = "<group>"; };
		741EC1BF2572D02B008398DC /* Recipe.swift */ = {isa = PBXFileReference; lastKnownFileType = sourcecode.swift; path = Recipe.swift; sourceTree = "<group>"; };
		741EC1C22572D0D2008398DC /* RecipeResults.swift */ = {isa = PBXFileReference; lastKnownFileType = sourcecode.swift; path = RecipeResults.swift; sourceTree = "<group>"; };
		743B8A7A2572EE8C00882AE4 /* RecipeCell.swift */ = {isa = PBXFileReference; lastKnownFileType = sourcecode.swift; path = RecipeCell.swift; sourceTree = "<group>"; };
		74CE105C257408C100A97889 /* RecipeBook.xcdatamodel */ = {isa = PBXFileReference; lastKnownFileType = wrapper.xcdatamodel; path = RecipeBook.xcdatamodel; sourceTree = "<group>"; };
		74CE106125741E2C00A97889 /* DataController.swift */ = {isa = PBXFileReference; lastKnownFileType = sourcecode.swift; path = DataController.swift; sourceTree = "<group>"; };
		74D3F9732570253A00542435 /* RecipeBook.app */ = {isa = PBXFileReference; explicitFileType = wrapper.application; includeInIndex = 0; path = RecipeBook.app; sourceTree = BUILT_PRODUCTS_DIR; };
		74D3F9762570253A00542435 /* AppDelegate.swift */ = {isa = PBXFileReference; lastKnownFileType = sourcecode.swift; path = AppDelegate.swift; sourceTree = "<group>"; };
		74D3F9782570253A00542435 /* SceneDelegate.swift */ = {isa = PBXFileReference; lastKnownFileType = sourcecode.swift; path = SceneDelegate.swift; sourceTree = "<group>"; };
		74D3F97A2570253A00542435 /* SearchViewController.swift */ = {isa = PBXFileReference; lastKnownFileType = sourcecode.swift; path = SearchViewController.swift; sourceTree = "<group>"; };
		74D3F97D2570253A00542435 /* Base */ = {isa = PBXFileReference; lastKnownFileType = file.storyboard; name = Base; path = Base.lproj/Main.storyboard; sourceTree = "<group>"; };
		74D3F97F2570253F00542435 /* Assets.xcassets */ = {isa = PBXFileReference; lastKnownFileType = folder.assetcatalog; path = Assets.xcassets; sourceTree = "<group>"; };
		74D3F9822570253F00542435 /* Base */ = {isa = PBXFileReference; lastKnownFileType = file.storyboard; name = Base; path = Base.lproj/LaunchScreen.storyboard; sourceTree = "<group>"; };
		74D3F9842570253F00542435 /* Info.plist */ = {isa = PBXFileReference; lastKnownFileType = text.plist.xml; path = Info.plist; sourceTree = "<group>"; };
		74E7D5D62573906100D53928 /* RecipeViewController.swift */ = {isa = PBXFileReference; lastKnownFileType = sourcecode.swift; path = RecipeViewController.swift; sourceTree = "<group>"; };
		74E7D5D9257395A500D53928 /* StepCell.swift */ = {isa = PBXFileReference; lastKnownFileType = sourcecode.swift; path = StepCell.swift; sourceTree = "<group>"; };
		74E7D5E025739C1C00D53928 /* Step.swift */ = {isa = PBXFileReference; lastKnownFileType = sourcecode.swift; path = Step.swift; sourceTree = "<group>"; };
/* End PBXFileReference section */

/* Begin PBXFrameworksBuildPhase section */
		74D3F9702570253A00542435 /* Frameworks */ = {
			isa = PBXFrameworksBuildPhase;
			buildActionMask = 2147483647;
			files = (
			);
			runOnlyForDeploymentPostprocessing = 0;
		};
/* End PBXFrameworksBuildPhase section */

/* Begin PBXGroup section */
		74D3F96A2570253A00542435 = {
			isa = PBXGroup;
			children = (
				74D3F9752570253A00542435 /* RecipeBook */,
				74D3F9742570253A00542435 /* Products */,
			);
			sourceTree = "<group>";
		};
		74D3F9742570253A00542435 /* Products */ = {
			isa = PBXGroup;
			children = (
				74D3F9732570253A00542435 /* RecipeBook.app */,
			);
			name = Products;
			sourceTree = "<group>";
		};
		74D3F9752570253A00542435 /* RecipeBook */ = {
			isa = PBXGroup;
			children = (
				74D3F9842570253F00542435 /* Info.plist */,
				74D3F9762570253A00542435 /* AppDelegate.swift */,
				74D3F9782570253A00542435 /* SceneDelegate.swift */,
				74D3F98C25704CAF00542435 /* Model */,
				74D3F98D25704CC400542435 /* View */,
				74D3F98E25704CCA00542435 /* Controller */,
			);
			path = RecipeBook;
			sourceTree = "<group>";
		};
		74D3F98C25704CAF00542435 /* Model */ = {
			isa = PBXGroup;
			children = (
				74D3F99125704D6600542435 /* Spoonacular Client */,
				74D3F99025704D5F00542435 /* Data */,
			);
			path = Model;
			sourceTree = "<group>";
		};
		74D3F98D25704CC400542435 /* View */ = {
			isa = PBXGroup;
			children = (
				74D3F97C2570253A00542435 /* Main.storyboard */,
				74D3F97F2570253F00542435 /* Assets.xcassets */,
				74D3F9812570253F00542435 /* LaunchScreen.storyboard */,
			);
			path = View;
			sourceTree = "<group>";
		};
		74D3F98E25704CCA00542435 /* Controller */ = {
			isa = PBXGroup;
			children = (
				743B8A7A2572EE8C00882AE4 /* RecipeCell.swift */,
				74E7D5D9257395A500D53928 /* StepCell.swift */,
				74D3F97A2570253A00542435 /* SearchViewController.swift */,
				74E7D5D62573906100D53928 /* RecipeViewController.swift */,
			);
			path = Controller;
			sourceTree = "<group>";
		};
		74D3F99025704D5F00542435 /* Data */ = {
			isa = PBXGroup;
			children = (
				74CE105B257408C100A97889 /* RecipeBook.xcdatamodeld */,
				74CE106125741E2C00A97889 /* DataController.swift */,
			);
			path = Data;
			sourceTree = "<group>";
		};
		74D3F99125704D6600542435 /* Spoonacular Client */ = {
			isa = PBXGroup;
			children = (
				741EC1BC2572CE41008398DC /* SpoonacularClient.swift */,
				741EC1BF2572D02B008398DC /* Recipe.swift */,
				741EC1C22572D0D2008398DC /* RecipeResults.swift */,
				74E7D5E025739C1C00D53928 /* Step.swift */,
			);
			path = "Spoonacular Client";
			sourceTree = "<group>";
		};
/* End PBXGroup section */

/* Begin PBXNativeTarget section */
		74D3F9722570253A00542435 /* RecipeBook */ = {
			isa = PBXNativeTarget;
			buildConfigurationList = 74D3F9872570253F00542435 /* Build configuration list for PBXNativeTarget "RecipeBook" */;
			buildPhases = (
				74D3F96F2570253A00542435 /* Sources */,
				74D3F9702570253A00542435 /* Frameworks */,
				74D3F9712570253A00542435 /* Resources */,
			);
			buildRules = (
			);
			dependencies = (
			);
			name = RecipeBook;
			productName = RecipeBook;
			productReference = 74D3F9732570253A00542435 /* RecipeBook.app */;
			productType = "com.apple.product-type.application";
		};
/* End PBXNativeTarget section */

/* Begin PBXProject section */
		74D3F96B2570253A00542435 /* Project object */ = {
			isa = PBXProject;
			attributes = {
				LastSwiftUpdateCheck = 1220;
				LastUpgradeCheck = 1220;
				TargetAttributes = {
					74D3F9722570253A00542435 = {
						CreatedOnToolsVersion = 12.2;
					};
				};
			};
			buildConfigurationList = 74D3F96E2570253A00542435 /* Build configuration list for PBXProject "RecipeBook" */;
			compatibilityVersion = "Xcode 9.3";
			developmentRegion = en;
			hasScannedForEncodings = 0;
			knownRegions = (
				en,
				Base,
			);
			mainGroup = 74D3F96A2570253A00542435;
			productRefGroup = 74D3F9742570253A00542435 /* Products */;
			projectDirPath = "";
			projectRoot = "";
			targets = (
				74D3F9722570253A00542435 /* RecipeBook */,
			);
		};
/* End PBXProject section */

/* Begin PBXResourcesBuildPhase section */
		74D3F9712570253A00542435 /* Resources */ = {
			isa = PBXResourcesBuildPhase;
			buildActionMask = 2147483647;
			files = (
				74D3F9832570253F00542435 /* LaunchScreen.storyboard in Resources */,
				74D3F9802570253F00542435 /* Assets.xcassets in Resources */,
				74D3F97E2570253A00542435 /* Main.storyboard in Resources */,
			);
			runOnlyForDeploymentPostprocessing = 0;
		};
/* End PBXResourcesBuildPhase section */

/* Begin PBXSourcesBuildPhase section */
		74D3F96F2570253A00542435 /* Sources */ = {
			isa = PBXSourcesBuildPhase;
			buildActionMask = 2147483647;
			files = (
				74E7D5E125739C1C00D53928 /* Step.swift in Sources */,
				74CE106225741E2C00A97889 /* DataController.swift in Sources */,
				741EC1BD2572CE41008398DC /* SpoonacularClient.swift in Sources */,
				74D3F97B2570253A00542435 /* SearchViewController.swift in Sources */,
				741EC1C32572D0D2008398DC /* RecipeResults.swift in Sources */,
				743B8A7B2572EE8C00882AE4 /* RecipeCell.swift in Sources */,
				74E7D5DA257395A500D53928 /* StepCell.swift in Sources */,
				74E7D5D72573906100D53928 /* RecipeViewController.swift in Sources */,
				74CE105D257408C100A97889 /* RecipeBook.xcdatamodeld in Sources */,
				74D3F9772570253A00542435 /* AppDelegate.swift in Sources */,
				74D3F9792570253A00542435 /* SceneDelegate.swift in Sources */,
				741EC1C02572D02B008398DC /* Recipe.swift in Sources */,
			);
			runOnlyForDeploymentPostprocessing = 0;
		};
/* End PBXSourcesBuildPhase section */

/* Begin PBXVariantGroup section */
		74D3F97C2570253A00542435 /* Main.storyboard */ = {
			isa = PBXVariantGroup;
			children = (
				74D3F97D2570253A00542435 /* Base */,
			);
			name = Main.storyboard;
			sourceTree = "<group>";
		};
		74D3F9812570253F00542435 /* LaunchScreen.storyboard */ = {
			isa = PBXVariantGroup;
			children = (
				74D3F9822570253F00542435 /* Base */,
			);
			name = LaunchScreen.storyboard;
			sourceTree = "<group>";
		};
/* End PBXVariantGroup section */

/* Begin XCBuildConfiguration section */
		74D3F9852570253F00542435 /* Debug */ = {
			isa = XCBuildConfiguration;
			buildSettings = {
				ALWAYS_SEARCH_USER_PATHS = NO;
				CLANG_ANALYZER_NONNULL = YES;
				CLANG_ANALYZER_NUMBER_OBJECT_CONVERSION = YES_AGGRESSIVE;
				CLANG_CXX_LANGUAGE_STANDARD = "gnu++14";
				CLANG_CXX_LIBRARY = "libc++";
				CLANG_ENABLE_MODULES = YES;
				CLANG_ENABLE_OBJC_ARC = YES;
				CLANG_ENABLE_OBJC_WEAK = YES;
				CLANG_WARN_BLOCK_CAPTURE_AUTORELEASING = YES;
				CLANG_WARN_BOOL_CONVERSION = YES;
				CLANG_WARN_COMMA = YES;
				CLANG_WARN_CONSTANT_CONVERSION = YES;
				CLANG_WARN_DEPRECATED_OBJC_IMPLEMENTATIONS = YES;
				CLANG_WARN_DIRECT_OBJC_ISA_USAGE = YES_ERROR;
				CLANG_WARN_DOCUMENTATION_COMMENTS = YES;
				CLANG_WARN_EMPTY_BODY = YES;
				CLANG_WARN_ENUM_CONVERSION = YES;
				CLANG_WARN_INFINITE_RECURSION = YES;
				CLANG_WARN_INT_CONVERSION = YES;
				CLANG_WARN_NON_LITERAL_NULL_CONVERSION = YES;
				CLANG_WARN_OBJC_IMPLICIT_RETAIN_SELF = YES;
				CLANG_WARN_OBJC_LITERAL_CONVERSION = YES;
				CLANG_WARN_OBJC_ROOT_CLASS = YES_ERROR;
				CLANG_WARN_QUOTED_INCLUDE_IN_FRAMEWORK_HEADER = YES;
				CLANG_WARN_RANGE_LOOP_ANALYSIS = YES;
				CLANG_WARN_STRICT_PROTOTYPES = YES;
				CLANG_WARN_SUSPICIOUS_MOVE = YES;
				CLANG_WARN_UNGUARDED_AVAILABILITY = YES_AGGRESSIVE;
				CLANG_WARN_UNREACHABLE_CODE = YES;
				CLANG_WARN__DUPLICATE_METHOD_MATCH = YES;
				COPY_PHASE_STRIP = NO;
				DEBUG_INFORMATION_FORMAT = dwarf;
				ENABLE_STRICT_OBJC_MSGSEND = YES;
				ENABLE_TESTABILITY = YES;
				GCC_C_LANGUAGE_STANDARD = gnu11;
				GCC_DYNAMIC_NO_PIC = NO;
				GCC_NO_COMMON_BLOCKS = YES;
				GCC_OPTIMIZATION_LEVEL = 0;
				GCC_PREPROCESSOR_DEFINITIONS = (
					"DEBUG=1",
					"$(inherited)",
				);
				GCC_WARN_64_TO_32_BIT_CONVERSION = YES;
				GCC_WARN_ABOUT_RETURN_TYPE = YES_ERROR;
				GCC_WARN_UNDECLARED_SELECTOR = YES;
				GCC_WARN_UNINITIALIZED_AUTOS = YES_AGGRESSIVE;
				GCC_WARN_UNUSED_FUNCTION = YES;
				GCC_WARN_UNUSED_VARIABLE = YES;
				IPHONEOS_DEPLOYMENT_TARGET = 14.2;
				MTL_ENABLE_DEBUG_INFO = INCLUDE_SOURCE;
				MTL_FAST_MATH = YES;
				ONLY_ACTIVE_ARCH = YES;
				SDKROOT = iphoneos;
				SWIFT_ACTIVE_COMPILATION_CONDITIONS = DEBUG;
				SWIFT_OPTIMIZATION_LEVEL = "-Onone";
			};
			name = Debug;
		};
		74D3F9862570253F00542435 /* Release */ = {
			isa = XCBuildConfiguration;
			buildSettings = {
				ALWAYS_SEARCH_USER_PATHS = NO;
				CLANG_ANALYZER_NONNULL = YES;
				CLANG_ANALYZER_NUMBER_OBJECT_CONVERSION = YES_AGGRESSIVE;
				CLANG_CXX_LANGUAGE_STANDARD = "gnu++14";
				CLANG_CXX_LIBRARY = "libc++";
				CLANG_ENABLE_MODULES = YES;
				CLANG_ENABLE_OBJC_ARC = YES;
				CLANG_ENABLE_OBJC_WEAK = YES;
				CLANG_WARN_BLOCK_CAPTURE_AUTORELEASING = YES;
				CLANG_WARN_BOOL_CONVERSION = YES;
				CLANG_WARN_COMMA = YES;
				CLANG_WARN_CONSTANT_CONVERSION = YES;
				CLANG_WARN_DEPRECATED_OBJC_IMPLEMENTATIONS = YES;
				CLANG_WARN_DIRECT_OBJC_ISA_USAGE = YES_ERROR;
				CLANG_WARN_DOCUMENTATION_COMMENTS = YES;
				CLANG_WARN_EMPTY_BODY = YES;
				CLANG_WARN_ENUM_CONVERSION = YES;
				CLANG_WARN_INFINITE_RECURSION = YES;
				CLANG_WARN_INT_CONVERSION = YES;
				CLANG_WARN_NON_LITERAL_NULL_CONVERSION = YES;
				CLANG_WARN_OBJC_IMPLICIT_RETAIN_SELF = YES;
				CLANG_WARN_OBJC_LITERAL_CONVERSION = YES;
				CLANG_WARN_OBJC_ROOT_CLASS = YES_ERROR;
				CLANG_WARN_QUOTED_INCLUDE_IN_FRAMEWORK_HEADER = YES;
				CLANG_WARN_RANGE_LOOP_ANALYSIS = YES;
				CLANG_WARN_STRICT_PROTOTYPES = YES;
				CLANG_WARN_SUSPICIOUS_MOVE = YES;
				CLANG_WARN_UNGUARDED_AVAILABILITY = YES_AGGRESSIVE;
				CLANG_WARN_UNREACHABLE_CODE = YES;
				CLANG_WARN__DUPLICATE_METHOD_MATCH = YES;
				COPY_PHASE_STRIP = NO;
				DEBUG_INFORMATION_FORMAT = "dwarf-with-dsym";
				ENABLE_NS_ASSERTIONS = NO;
				ENABLE_STRICT_OBJC_MSGSEND = YES;
				GCC_C_LANGUAGE_STANDARD = gnu11;
				GCC_NO_COMMON_BLOCKS = YES;
				GCC_WARN_64_TO_32_BIT_CONVERSION = YES;
				GCC_WARN_ABOUT_RETURN_TYPE = YES_ERROR;
				GCC_WARN_UNDECLARED_SELECTOR = YES;
				GCC_WARN_UNINITIALIZED_AUTOS = YES_AGGRESSIVE;
				GCC_WARN_UNUSED_FUNCTION = YES;
				GCC_WARN_UNUSED_VARIABLE = YES;
				IPHONEOS_DEPLOYMENT_TARGET = 14.2;
				MTL_ENABLE_DEBUG_INFO = NO;
				MTL_FAST_MATH = YES;
				SDKROOT = iphoneos;
				SWIFT_COMPILATION_MODE = wholemodule;
				SWIFT_OPTIMIZATION_LEVEL = "-O";
				VALIDATE_PRODUCT = YES;
			};
			name = Release;
		};
		74D3F9882570253F00542435 /* Debug */ = {
			isa = XCBuildConfiguration;
			buildSettings = {
				ASSETCATALOG_COMPILER_APPICON_NAME = AppIcon;
				ASSETCATALOG_COMPILER_GLOBAL_ACCENT_COLOR_NAME = AccentColor;
				CODE_SIGN_STYLE = Automatic;
				INFOPLIST_FILE = RecipeBook/Info.plist;
				LD_RUNPATH_SEARCH_PATHS = (
					"$(inherited)",
					"@executable_path/Frameworks",
				);
				PRODUCT_BUNDLE_IDENTIFIER = com.112358dev.RecipeBook;
				PRODUCT_NAME = "$(TARGET_NAME)";
				SWIFT_VERSION = 5.0;
				TARGETED_DEVICE_FAMILY = "1,2";
			};
			name = Debug;
		};
		74D3F9892570253F00542435 /* Release */ = {
			isa = XCBuildConfiguration;
			buildSettings = {
				ASSETCATALOG_COMPILER_APPICON_NAME = AppIcon;
				ASSETCATALOG_COMPILER_GLOBAL_ACCENT_COLOR_NAME = AccentColor;
				CODE_SIGN_STYLE = Automatic;
				INFOPLIST_FILE = RecipeBook/Info.plist;
				LD_RUNPATH_SEARCH_PATHS = (
					"$(inherited)",
					"@executable_path/Frameworks",
				);
				PRODUCT_BUNDLE_IDENTIFIER = com.112358dev.RecipeBook;
				PRODUCT_NAME = "$(TARGET_NAME)";
				SWIFT_VERSION = 5.0;
				TARGETED_DEVICE_FAMILY = "1,2";
			};
			name = Release;
		};
/* End XCBuildConfiguration section */

/* Begin XCConfigurationList section */
		74D3F96E2570253A00542435 /* Build configuration list for PBXProject "RecipeBook" */ = {
			isa = XCConfigurationList;
			buildConfigurations = (
				74D3F9852570253F00542435 /* Debug */,
				74D3F9862570253F00542435 /* Release */,
			);
			defaultConfigurationIsVisible = 0;
			defaultConfigurationName = Release;
		};
		74D3F9872570253F00542435 /* Build configuration list for PBXNativeTarget "RecipeBook" */ = {
			isa = XCConfigurationList;
			buildConfigurations = (
				74D3F9882570253F00542435 /* Debug */,
				74D3F9892570253F00542435 /* Release */,
			);
			defaultConfigurationIsVisible = 0;
			defaultConfigurationName = Release;
		};
/* End XCConfigurationList section */

/* Begin XCVersionGroup section */
		74CE105B257408C100A97889 /* RecipeBook.xcdatamodeld */ = {
			isa = XCVersionGroup;
			children = (
				74CE105C257408C100A97889 /* RecipeBook.xcdatamodel */,
			);
			currentVersion = 74CE105C257408C100A97889 /* RecipeBook.xcdatamodel */;
			path = RecipeBook.xcdatamodeld;
			sourceTree = "<group>";
			versionGroupType = wrapper.xcdatamodel;
		};
/* End XCVersionGroup section */
	};
	rootObject = 74D3F96B2570253A00542435 /* Project object */;
}
